
Microsoft Visual Studio Solution File, Format Version 12.00
# Visual Studio Version 17
VisualStudioVersion = 17.9.34728.123
MinimumVisualStudioVersion = 10.0.40219.1
Project("{9A19103F-16F7-4668-BE54-9A1E7A4F7556}") = "FinalExam", "FinalExam\FinalExam.csproj", "{4D78C782-2D00-4CAE-A95D-59FEF2D838CD}"
EndProject
Project("{9A19103F-16F7-4668-BE54-9A1E7A4F7556}") = "FinalExam.BusinessLogic", "FinalExam.BusinessLogic\FinalExam.BusinessLogic.csproj", "{64855DD1-2223-470B-ADED-5ECD06FF0123}"
EndProject
Project("{9A19103F-16F7-4668-BE54-9A1E7A4F7556}") = "FinalExam.Shared", "FinalExam.Shared\FinalExam.Shared.csproj", "{D1A85276-3B8D-4393-9468-1DAE45EA5822}"
EndProject
Project("{9A19103F-16F7-4668-BE54-9A1E7A4F7556}") = "FinalExam.Database", "FinalExam.Database\FinalExam.Database.csproj", "{EE3F5F5B-AAEE-42DD-B895-62720B7B18CF}"
EndProject
Project("{FAE04EC0-301F-11D3-BF4B-00C04F79EFBC}") = "Tests", "Tests\Tests.csproj", "{2A13ECB0-A0FD-4290-8566-80D21FCC0F25}"
EndProject
Global
	GlobalSection(SolutionConfigurationPlatforms) = preSolution
		Debug|Any CPU = Debug|Any CPU
		Release|Any CPU = Release|Any CPU
	EndGlobalSection
	GlobalSection(ProjectConfigurationPlatforms) = postSolution
		{4D78C782-2D00-4CAE-A95D-59FEF2D838CD}.Debug|Any CPU.ActiveCfg = Debug|Any CPU
		{4D78C782-2D00-4CAE-A95D-59FEF2D838CD}.Debug|Any CPU.Build.0 = Debug|Any CPU
		{4D78C782-2D00-4CAE-A95D-59FEF2D838CD}.Release|Any CPU.ActiveCfg = Release|Any CPU
		{4D78C782-2D00-4CAE-A95D-59FEF2D838CD}.Release|Any CPU.Build.0 = Release|Any CPU
		{64855DD1-2223-470B-ADED-5ECD06FF0123}.Debug|Any CPU.ActiveCfg = Debug|Any CPU
		{64855DD1-2223-470B-ADED-5ECD06FF0123}.Debug|Any CPU.Build.0 = Debug|Any CPU
		{64855DD1-2223-470B-ADED-5ECD06FF0123}.Release|Any CPU.ActiveCfg = Release|Any CPU
		{64855DD1-2223-470B-ADED-5ECD06FF0123}.Release|Any CPU.Build.0 = Release|Any CPU
		{D1A85276-3B8D-4393-9468-1DAE45EA5822}.Debug|Any CPU.ActiveCfg = Debug|Any CPU
		{D1A85276-3B8D-4393-9468-1DAE45EA5822}.Debug|Any CPU.Build.0 = Debug|Any CPU
		{D1A85276-3B8D-4393-9468-1DAE45EA5822}.Release|Any CPU.ActiveCfg = Release|Any CPU
		{D1A85276-3B8D-4393-9468-1DAE45EA5822}.Release|Any CPU.Build.0 = Release|Any CPU
		{EE3F5F5B-AAEE-42DD-B895-62720B7B18CF}.Debug|Any CPU.ActiveCfg = Debug|Any CPU
		{EE3F5F5B-AAEE-42DD-B895-62720B7B18CF}.Debug|Any CPU.Build.0 = Debug|Any CPU
		{EE3F5F5B-AAEE-42DD-B895-62720B7B18CF}.Release|Any CPU.ActiveCfg = Release|Any CPU
		{EE3F5F5B-AAEE-42DD-B895-62720B7B18CF}.Release|Any CPU.Build.0 = Release|Any CPU
		{2A13ECB0-A0FD-4290-8566-80D21FCC0F25}.Debug|Any CPU.ActiveCfg = Debug|Any CPU
		{2A13ECB0-A0FD-4290-8566-80D21FCC0F25}.Debug|Any CPU.Build.0 = Debug|Any CPU
		{2A13ECB0-A0FD-4290-8566-80D21FCC0F25}.Release|Any CPU.ActiveCfg = Release|Any CPU
		{2A13ECB0-A0FD-4290-8566-80D21FCC0F25}.Release|Any CPU.Build.0 = Release|Any CPU
	EndGlobalSection
	GlobalSection(SolutionProperties) = preSolution
		HideSolutionNode = FALSE
	EndGlobalSection
	GlobalSection(ExtensibilityGlobals) = postSolution
		SolutionGuid = {A7C18B3F-E1FA-41BA-A46D-09D77E562D5D}
	EndGlobalSection
EndGlobal
